<?xml version="1.0" encoding="utf-8"?>
<Project ToolsVersion="4.0" xmlns="http://schemas.microsoft.com/developer/msbuild/2003">
  <ItemGroup>
    <Filter Include="Source Files">
      <UniqueIdentifier>{4FC737F1-C7A5-4376-A066-2A32D752A2FF}</UniqueIdentifier>
      <Extensions>cpp;c;cc;cxx;def;odl;idl;hpj;bat;asm;asmx</Extensions>
    </Filter>
    <Filter Include="Header Files">
      <UniqueIdentifier>{93995380-89BD-4b04-88EB-625FBE52EBFB}</UniqueIdentifier>
      <Extensions>h;hpp;hxx;hm;inl;inc;xsd</Extensions>
    </Filter>
    <Filter Include="Resource Files">
      <UniqueIdentifier>{67DA6AB6-F800-4c08-8B7A-83BB121AAD01}</UniqueIdentifier>
      <Extensions>rc;ico;cur;bmp;dlg;rc2;rct;bin;rgs;gif;jpg;jpeg;jpe;resx;tiff;tif;png;wav</Extensions>
    </Filter>
  </ItemGroup>
  <ItemGroup>
    <ClCompile Include="3DEditor.cpp">
      <Filter>Source Files</Filter>
    </ClCompile>
    <ClCompile Include="3ds.cpp">
      <Filter>Source Files</Filter>
    </ClCompile>
    <ClCompile Include="adoclasses.cpp">
      <Filter>Source Files</Filter>
    </ClCompile>
    <ClCompile Include="BlockRaster.cpp">
      <Filter>Source Files</Filter>
    </ClCompile>
    <ClCompile Include="BMPRaster.cpp">
      <Filter>Source Files</Filter>
    </ClCompile>
    <ClCompile Include="DlgGlRegistry.cpp">
      <Filter>Source Files</Filter>
    </ClCompile>
    <ClCompile Include="DlgPrivAdd.cpp">
      <Filter>Source Files</Filter>
    </ClCompile>
    <ClCompile Include="DlgPrivList.cpp">
      <Filter>Source Files</Filter>
    </ClCompile>
    <ClCompile Include="DlgSaveName.cpp">
      <Filter>Source Files</Filter>
    </ClCompile>
    <ClCompile Include="FrameContainer.cpp">
      <Filter>Source Files</Filter>
    </ClCompile>
    <ClCompile Include="GlContainer.cpp">
      <Filter>Source Files</Filter>
    </ClCompile>
    <ClCompile Include="GLFrame.cpp">
      <Filter>Source Files</Filter>
    </ClCompile>
    <ClCompile Include="GlLandshaft.cpp">
      <Filter>Source Files</Filter>
    </ClCompile>
    <ClCompile Include="GlLandTexDlg.cpp">
      <Filter>Source Files</Filter>
    </ClCompile>
    <ClCompile Include="GlLoadHgtDlg.cpp">
      <Filter>Source Files</Filter>
    </ClCompile>
    <ClCompile Include="GlLoadRawDlg.cpp">
      <Filter>Source Files</Filter>
    </ClCompile>
    <ClCompile Include="GlToolFrame.cpp">
      <Filter>Source Files</Filter>
    </ClCompile>
    <ClCompile Include="GPS.cpp">
      <Filter>Source Files</Filter>
    </ClCompile>
    <ClCompile Include="GPSDlgAdd.cpp">
      <Filter>Source Files</Filter>
    </ClCompile>
    <ClCompile Include="GPSDlgDel.cpp">
      <Filter>Source Files</Filter>
    </ClCompile>
    <ClCompile Include="GPSDlgList.cpp">
      <Filter>Source Files</Filter>
    </ClCompile>
    <ClCompile Include="GPSThread.cpp">
      <Filter>Source Files</Filter>
    </ClCompile>
    <ClCompile Include="HardToolFrame.cpp">
      <Filter>Source Files</Filter>
    </ClCompile>
    <ClCompile Include="InetRaster.cpp">
      <Filter>Source Files</Filter>
    </ClCompile>
    <ClCompile Include="JPGRaster.cpp">
      <Filter>Source Files</Filter>
    </ClCompile>
    <ClCompile Include="Linkage.cpp">
      <Filter>Source Files</Filter>
    </ClCompile>
    <ClCompile Include="MainFrm.cpp">
      <Filter>Source Files</Filter>
    </ClCompile>
    <ClCompile Include="MapFrame.cpp">
      <Filter>Source Files</Filter>
    </ClCompile>
    <ClCompile Include="matrix.cpp">
      <Filter>Source Files</Filter>
    </ClCompile>
    <ClCompile Include="Memory.cpp">
      <Filter>Source Files</Filter>
    </ClCompile>
    <ClCompile Include="MiniMapFrame.cpp">
      <Filter>Source Files</Filter>
    </ClCompile>
    <ClCompile Include="MiniWorldMapFrame.cpp">
      <Filter>Source Files</Filter>
    </ClCompile>
    <ClCompile Include="OpenResDlg.cpp">
      <Filter>Source Files</Filter>
    </ClCompile>
    <ClCompile Include="Raster.cpp">
      <Filter>Source Files</Filter>
    </ClCompile>
    <ClCompile Include="Shader.cpp">
      <Filter>Source Files</Filter>
    </ClCompile>
    <ClCompile Include="stdafx.cpp">
      <Filter>Source Files</Filter>
    </ClCompile>
    <ClCompile Include="Structures.cpp">
      <Filter>Source Files</Filter>
    </ClCompile>
    <ClCompile Include="Texture.cpp">
      <Filter>Source Files</Filter>
    </ClCompile>
    <ClCompile Include="ViewDocFrame.cpp">
      <Filter>Source Files</Filter>
    </ClCompile>
    <ClCompile Include="WorldMapFrame.cpp">
      <Filter>Source Files</Filter>
    </ClCompile>
  </ItemGroup>
  <ItemGroup>
    <ClInclude Include="3DEditor.h">
      <Filter>Header Files</Filter>
    </ClInclude>
    <ClInclude Include="3dLib.h">
      <Filter>Header Files</Filter>
    </ClInclude>
    <ClInclude Include="3ds.h">
      <Filter>Header Files</Filter>
    </ClInclude>
    <ClInclude Include="adoclasses.h">
      <Filter>Header Files</Filter>
    </ClInclude>
    <ClInclude Include="adodefs.h">
      <Filter>Header Files</Filter>
    </ClInclude>
    <ClInclude Include="BlockRaster.h">
      <Filter>Header Files</Filter>
    </ClInclude>
    <ClInclude Include="BMPRaster.h">
      <Filter>Header Files</Filter>
    </ClInclude>
    <ClInclude Include="complib.h">
      <Filter>Header Files</Filter>
    </ClInclude>
    <ClInclude Include="DlgGlRegistry.h">
      <Filter>Header Files</Filter>
    </ClInclude>
    <ClInclude Include="DlgPrivAdd.h">
      <Filter>Header Files</Filter>
    </ClInclude>
    <ClInclude Include="DlgPrivList.h">
      <Filter>Header Files</Filter>
    </ClInclude>
    <ClInclude Include="DlgSaveName.h">
      <Filter>Header Files</Filter>
    </ClInclude>
    <ClInclude Include="FrameContainer.h">
      <Filter>Header Files</Filter>
    </ClInclude>
    <ClInclude Include="Geography.h">
      <Filter>Header Files</Filter>
    </ClInclude>
    <ClInclude Include="GlContainer.h">
      <Filter>Header Files</Filter>
    </ClInclude>
    <ClInclude Include="GLFrame.h">
      <Filter>Header Files</Filter>
    </ClInclude>
    <ClInclude Include="GlLandshaft.h">
      <Filter>Header Files</Filter>
    </ClInclude>
    <ClInclude Include="GlLandTexDlg.h">
      <Filter>Header Files</Filter>
    </ClInclude>
    <ClInclude Include="GlLoadHgtDlg.h">
      <Filter>Header Files</Filter>
    </ClInclude>
    <ClInclude Include="GlLoadRawDlg.h">
      <Filter>Header Files</Filter>
    </ClInclude>
    <ClInclude Include="GlToolFrame.h">
      <Filter>Header Files</Filter>
    </ClInclude>
    <ClInclude Include="GPS.h">
      <Filter>Header Files</Filter>
    </ClInclude>
    <ClInclude Include="GPSDlgAdd.h">
      <Filter>Header Files</Filter>
    </ClInclude>
    <ClInclude Include="GPSDlgDel.h">
      <Filter>Header Files</Filter>
    </ClInclude>
    <ClInclude Include="GPSDlgList.h">
      <Filter>Header Files</Filter>
    </ClInclude>
    <ClInclude Include="GPSThread.h">
      <Filter>Header Files</Filter>
    </ClInclude>
    <ClInclude Include="HardToolFrame.h">
      <Filter>Header Files</Filter>
    </ClInclude>
    <ClInclude Include="Include.h">
      <Filter>Header Files</Filter>
    </ClInclude>
    <ClInclude Include="InetRaster.h">
      <Filter>Header Files</Filter>
    </ClInclude>
    <ClInclude Include="JPGRaster.h">
      <Filter>Header Files</Filter>
    </ClInclude>
    <ClInclude Include="LandShader.h">
      <Filter>Header Files</Filter>
    </ClInclude>
    <ClInclude Include="Linkage.h">
      <Filter>Header Files</Filter>
    </ClInclude>
    <ClInclude Include="MainFrm.h">
      <Filter>Header Files</Filter>
    </ClInclude>
    <ClInclude Include="MapFrame.h">
      <Filter>Header Files</Filter>
    </ClInclude>
    <ClInclude Include="mathem.h">
      <Filter>Header Files</Filter>
    </ClInclude>
    <ClInclude Include="matrix.h">
      <Filter>Header Files</Filter>
    </ClInclude>
    <ClInclude Include="Memory.h">
      <Filter>Header Files</Filter>
    </ClInclude>
    <ClInclude Include="MiniMapFrame.h">
      <Filter>Header Files</Filter>
    </ClInclude>
    <ClInclude Include="MiniWorldMapFrame.h">
      <Filter>Header Files</Filter>
    </ClInclude>
    <ClInclude Include="OpenResDlg.h">
      <Filter>Header Files</Filter>
    </ClInclude>
    <ClInclude Include="Raster.h">
      <Filter>Header Files</Filter>
    </ClInclude>
    <ClInclude Include="resource.h">
      <Filter>Header Files</Filter>
    </ClInclude>
    <ClInclude Include="Shader.h">
      <Filter>Header Files</Filter>
    </ClInclude>
    <ClInclude Include="stdafx.h">
      <Filter>Header Files</Filter>
    </ClInclude>
    <ClInclude Include="targetver.h">
      <Filter>Header Files</Filter>
    </ClInclude>
    <ClInclude Include="Texture.h">
      <Filter>Header Files</Filter>
    </ClInclude>
    <ClInclude Include="ViewDocFrame.h">
      <Filter>Header Files</Filter>
    </ClInclude>
    <ClInclude Include="WorldMapFrame.h">
      <Filter>Header Files</Filter>
    </ClInclude>
  </ItemGroup>
  <ItemGroup>
    <None Include="res\250.bmp">
      <Filter>Resource Files</Filter>
    </None>
    <None Include="res\3DEditor.ico">
      <Filter>Resource Files</Filter>
    </None>
    <None Include="res\bitmap2.bmp">
      <Filter>Resource Files</Filter>
    </None>
    <None Include="res\toolbar1.bmp">
      <Filter>Resource Files</Filter>
    </None>
    <None Include="ClassDiagram1.cd" />
    <None Include="ClassDiagram2.cd" />
    <None Include="ClassDiagram3.cd" />
    <None Include="ReadMe.txt" />
  </ItemGroup>
  <ItemGroup>
    <ResourceCompile Include="3DEditor.rc">
      <Filter>Resource Files</Filter>
    </ResourceCompile>
  </ItemGroup>
</Project>